
Microsoft Visual Studio Solution File, Format Version 12.00
# Visual Studio Version 17
VisualStudioVersion = 17.2.32630.192
MinimumVisualStudioVersion = 10.0.40219.1
Project("{FAE04EC0-301F-11D3-BF4B-00C04F79EFBC}") = "aspnetcore_v5", "aspnetcore_v5\aspnetcore_v5.csproj", "{49D27E83-1745-4A5E-8103-9B1F2F67E4B6}"
EndProject
Project("{FAE04EC0-301F-11D3-BF4B-00C04F79EFBC}") = "aspnetcore_v6", "aspnetcore_v6\aspnetcore_v6.csproj", "{9B48CF79-15BB-4DC6-A166-A810E4FDD7D8}"
EndProject
Project("{FAE04EC0-301F-11D3-BF4B-00C04F79EFBC}") = "HostDemo", "HostDemo\HostDemo.csproj", "{A13208A4-525B-459F-A6F9-081096AA06A3}"
EndProject
Global
	GlobalSection(SolutionConfigurationPlatforms) = preSolution
		Debug|Any CPU = Debug|Any CPU
		Release|Any CPU = Release|Any CPU
	EndGlobalSection
	GlobalSection(ProjectConfigurationPlatforms) = postSolution
		{49D27E83-1745-4A5E-8103-9B1F2F67E4B6}.Debug|Any CPU.ActiveCfg = Debug|Any CPU
		{49D27E83-1745-4A5E-8103-9B1F2F67E4B6}.Debug|Any CPU.Build.0 = Debug|Any CPU
		{49D27E83-1745-4A5E-8103-9B1F2F67E4B6}.Release|Any CPU.ActiveCfg = Release|Any CPU
		{49D27E83-1745-4A5E-8103-9B1F2F67E4B6}.Release|Any CPU.Build.0 = Release|Any CPU
		{9B48CF79-15BB-4DC6-A166-A810E4FDD7D8}.Debug|Any CPU.ActiveCfg = Debug|Any CPU
		{9B48CF79-15BB-4DC6-A166-A810E4FDD7D8}.Debug|Any CPU.Build.0 = Debug|Any CPU
		{9B48CF79-15BB-4DC6-A166-A810E4FDD7D8}.Release|Any CPU.ActiveCfg = Release|Any CPU
		{9B48CF79-15BB-4DC6-A166-A810E4FDD7D8}.Release|Any CPU.Build.0 = Release|Any CPU
		{A13208A4-525B-459F-A6F9-081096AA06A3}.Debug|Any CPU.ActiveCfg = Debug|Any CPU
		{A13208A4-525B-459F-A6F9-081096AA06A3}.Debug|Any CPU.Build.0 = Debug|Any CPU
		{A13208A4-525B-459F-A6F9-081096AA06A3}.Release|Any CPU.ActiveCfg = Release|Any CPU
		{A13208A4-525B-459F-A6F9-081096AA06A3}.Release|Any CPU.Build.0 = Release|Any CPU
	EndGlobalSection
	GlobalSection(SolutionProperties) = preSolution
		HideSolutionNode = FALSE
	EndGlobalSection
	GlobalSection(ExtensibilityGlobals) = postSolution
		SolutionGuid = {8E98D852-6E93-4F20-B192-5C7E857FD705}
	EndGlobalSection
EndGlobal
