
Microsoft Visual Studio Solution File, Format Version 12.00
# Visual Studio Version 17
VisualStudioVersion = 17.2.32630.192
MinimumVisualStudioVersion = 10.0.40219.1
Project("{FAE04EC0-301F-11D3-BF4B-00C04F79EFBC}") = "FilterDemo", "FilterDemo\FilterDemo.csproj", "{0FBE8974-9761-4402-BAA3-FAB4E5FCDE2A}"
EndProject
Project("{FAE04EC0-301F-11D3-BF4B-00C04F79EFBC}") = "CustomAttributedFilter", "CustomAttributedFilter\CustomAttributedFilter.csproj", "{CE2D8AEC-364A-492A-A752-032AF2BF9B63}"
EndProject
Global
	GlobalSection(SolutionConfigurationPlatforms) = preSolution
		Debug|Any CPU = Debug|Any CPU
		Release|Any CPU = Release|Any CPU
	EndGlobalSection
	GlobalSection(ProjectConfigurationPlatforms) = postSolution
		{0FBE8974-9761-4402-BAA3-FAB4E5FCDE2A}.Debug|Any CPU.ActiveCfg = Debug|Any CPU
		{0FBE8974-9761-4402-BAA3-FAB4E5FCDE2A}.Debug|Any CPU.Build.0 = Debug|Any CPU
		{0FBE8974-9761-4402-BAA3-FAB4E5FCDE2A}.Release|Any CPU.ActiveCfg = Release|Any CPU
		{0FBE8974-9761-4402-BAA3-FAB4E5FCDE2A}.Release|Any CPU.Build.0 = Release|Any CPU
		{CE2D8AEC-364A-492A-A752-032AF2BF9B63}.Debug|Any CPU.ActiveCfg = Debug|Any CPU
		{CE2D8AEC-364A-492A-A752-032AF2BF9B63}.Debug|Any CPU.Build.0 = Debug|Any CPU
		{CE2D8AEC-364A-492A-A752-032AF2BF9B63}.Release|Any CPU.ActiveCfg = Release|Any CPU
		{CE2D8AEC-364A-492A-A752-032AF2BF9B63}.Release|Any CPU.Build.0 = Release|Any CPU
	EndGlobalSection
	GlobalSection(SolutionProperties) = preSolution
		HideSolutionNode = FALSE
	EndGlobalSection
	GlobalSection(ExtensibilityGlobals) = postSolution
		SolutionGuid = {9242721C-AE56-46AC-B007-F6A8AAC020E8}
	EndGlobalSection
EndGlobal
