
Microsoft Visual Studio Solution File, Format Version 12.00
# Visual Studio Version 17
VisualStudioVersion = 17.2.32630.192
MinimumVisualStudioVersion = 10.0.40219.1
Project("{FAE04EC0-301F-11D3-BF4B-00C04F79EFBC}") = "SampleApp", "SampleApp\SampleApp.csproj", "{EAD82587-36E0-4FA4-B808-994A74B56CC3}"
EndProject
Project("{FAE04EC0-301F-11D3-BF4B-00C04F79EFBC}") = "SampleWeb", "SampleWeb\SampleWeb.csproj", "{7A6DF999-780B-4DA8-9676-D4C9ADDD118F}"
EndProject
Project("{FAE04EC0-301F-11D3-BF4B-00C04F79EFBC}") = "WebApp_v5", "WebApp_v5\WebApp_v5.csproj", "{8F4128D6-57A6-48A6-97DE-8DBFB5C37E0A}"
EndProject
Project("{FAE04EC0-301F-11D3-BF4B-00C04F79EFBC}") = "ConsoleApp1", "ConsoleApp1\ConsoleApp1.csproj", "{A806737E-F314-4CBB-B6A2-01A33C60986B}"
EndProject
Project("{FAE04EC0-301F-11D3-BF4B-00C04F79EFBC}") = "ConsoleApp2", "ConsoleApp2\ConsoleApp2.csproj", "{43E46DB6-0FF7-4040-86C9-882472DC6ED6}"
EndProject
Global
	GlobalSection(SolutionConfigurationPlatforms) = preSolution
		Debug|Any CPU = Debug|Any CPU
		Release|Any CPU = Release|Any CPU
	EndGlobalSection
	GlobalSection(ProjectConfigurationPlatforms) = postSolution
		{EAD82587-36E0-4FA4-B808-994A74B56CC3}.Debug|Any CPU.ActiveCfg = Debug|Any CPU
		{EAD82587-36E0-4FA4-B808-994A74B56CC3}.Debug|Any CPU.Build.0 = Debug|Any CPU
		{EAD82587-36E0-4FA4-B808-994A74B56CC3}.Release|Any CPU.ActiveCfg = Release|Any CPU
		{EAD82587-36E0-4FA4-B808-994A74B56CC3}.Release|Any CPU.Build.0 = Release|Any CPU
		{7A6DF999-780B-4DA8-9676-D4C9ADDD118F}.Debug|Any CPU.ActiveCfg = Debug|Any CPU
		{7A6DF999-780B-4DA8-9676-D4C9ADDD118F}.Debug|Any CPU.Build.0 = Debug|Any CPU
		{7A6DF999-780B-4DA8-9676-D4C9ADDD118F}.Release|Any CPU.ActiveCfg = Release|Any CPU
		{7A6DF999-780B-4DA8-9676-D4C9ADDD118F}.Release|Any CPU.Build.0 = Release|Any CPU
		{8F4128D6-57A6-48A6-97DE-8DBFB5C37E0A}.Debug|Any CPU.ActiveCfg = Debug|Any CPU
		{8F4128D6-57A6-48A6-97DE-8DBFB5C37E0A}.Debug|Any CPU.Build.0 = Debug|Any CPU
		{8F4128D6-57A6-48A6-97DE-8DBFB5C37E0A}.Release|Any CPU.ActiveCfg = Release|Any CPU
		{8F4128D6-57A6-48A6-97DE-8DBFB5C37E0A}.Release|Any CPU.Build.0 = Release|Any CPU
		{A806737E-F314-4CBB-B6A2-01A33C60986B}.Debug|Any CPU.ActiveCfg = Debug|Any CPU
		{A806737E-F314-4CBB-B6A2-01A33C60986B}.Debug|Any CPU.Build.0 = Debug|Any CPU
		{A806737E-F314-4CBB-B6A2-01A33C60986B}.Release|Any CPU.ActiveCfg = Release|Any CPU
		{A806737E-F314-4CBB-B6A2-01A33C60986B}.Release|Any CPU.Build.0 = Release|Any CPU
		{43E46DB6-0FF7-4040-86C9-882472DC6ED6}.Debug|Any CPU.ActiveCfg = Debug|Any CPU
		{43E46DB6-0FF7-4040-86C9-882472DC6ED6}.Debug|Any CPU.Build.0 = Debug|Any CPU
		{43E46DB6-0FF7-4040-86C9-882472DC6ED6}.Release|Any CPU.ActiveCfg = Release|Any CPU
		{43E46DB6-0FF7-4040-86C9-882472DC6ED6}.Release|Any CPU.Build.0 = Release|Any CPU
	EndGlobalSection
	GlobalSection(SolutionProperties) = preSolution
		HideSolutionNode = FALSE
	EndGlobalSection
	GlobalSection(ExtensibilityGlobals) = postSolution
		SolutionGuid = {41745AAA-03D3-407E-9187-7B4385F5EEBA}
	EndGlobalSection
EndGlobal
